
Microsoft Visual Studio Solution File, Format Version 12.00
# Visual Studio Version 17
VisualStudioVersion = 17.4.33213.308
MinimumVisualStudioVersion = 10.0.40219.1
Project("{FAE04EC0-301F-11D3-BF4B-00C04F79EFBC}") = "TCLRayneoAir2CLI", "TCLRayneoAir2CLI.csproj", "{21517912-52F8-4CD1-93B2-707BB7001365}"
EndProject
Global
	GlobalSection(SolutionConfigurationPlatforms) = preSolution
		Debug|Any CPU = Debug|Any CPU
		Release|Any CPU = Release|Any CPU
	EndGlobalSection
	GlobalSection(ProjectConfigurationPlatforms) = postSolution
		{21517912-52F8-4CD1-93B2-707BB7001365}.Debug|Any CPU.ActiveCfg = Debug|Any CPU
		{21517912-52F8-4CD1-93B2-707BB7001365}.Debug|Any CPU.Build.0 = Debug|Any CPU
		{21517912-52F8-4CD1-93B2-707BB7001365}.Release|Any CPU.ActiveCfg = Release|Any CPU
		{21517912-52F8-4CD1-93B2-707BB7001365}.Release|Any CPU.Build.0 = Release|Any CPU
	EndGlobalSection
	GlobalSection(SolutionProperties) = preSolution
		HideSolutionNode = FALSE
	EndGlobalSection
	GlobalSection(ExtensibilityGlobals) = postSolution
		SolutionGuid = {D58EBA2E-2296-4180-92A3-91F44FAC8692}
	EndGlobalSection
EndGlobal
